{
  "nodes": {
    "flake-compat": {
      "flake": false,
      "locked": {
        "lastModified": 1777699697,
        "narHash": "sha256-Eg9b/rq/ECYwNwEXs5i9wHyhxNI0JrYx2srdI2uZMaQ=",
        "ref": "refs/heads/main",
        "rev": "382052b74656a369c5408822af3f2501e9b1af81",
        "revCount": 94,
        "type": "git",
        "url": "https://git.lix.systems/lix-project/flake-compat.git"
      },
      "original": {
        "type": "git",
        "url": "https://git.lix.systems/lix-project/flake-compat.git"
      }
    },
    "flake-parts": {
      "inputs": {
        "nixpkgs-lib": [
          "hermes-agent",
          "nixpkgs"
        ]
      },
      "locked": {
        "lastModified": 1772408722,
        "narHash": "sha256-rHuJtdcOjK7rAHpHphUb1iCvgkU3GpfvicLMwwnfMT0=",
        "owner": "hercules-ci",
        "repo": "flake-parts",
        "rev": "f20dc5d9b8027381c474144ecabc9034d6a839a3",
        "type": "github"
      },
      "original": {
        "owner": "hercules-ci",
        "repo": "flake-parts",
        "type": "github"
      }
    },
    "flake-parts_2": {
      "inputs": {
        "nixpkgs-lib": [
          "nvf",
          "nixpkgs"
        ]
      },
      "locked": {
        "lastModified": 1778716662,
        "narHash": "sha256-m1Yf0wZ8j1OHjTc2UwHwyQRSnNeSgLJOd7q5Y45hzi4=",
        "owner": "hercules-ci",
        "repo": "flake-parts",
        "rev": "f7c1a2d347e4c52d5fb8d10cb4d94b5884e546fb",
        "type": "github"
      },
      "original": {
        "owner": "hercules-ci",
        "repo": "flake-parts",
        "type": "github"
      }
    },
    "hermes-agent": {
      "inputs": {
        "flake-parts": "flake-parts",
        "nixpkgs": [
          "nixpkgs"
        ],
        "npm-lockfile-fix": "npm-lockfile-fix",
        "pyproject-build-systems": "pyproject-build-systems",
        "pyproject-nix": "pyproject-nix_2",
        "uv2nix": "uv2nix_2"
      },
      "locked": {
        "lastModified": 1782298663,
        "narHash": "sha256-NTiPxwwLGYRQ3lGI52lGyZSrd1eJ741CVuARnIdHAUI=",
        "owner": "NousResearch",
        "repo": "hermes-agent",
        "rev": "8446c1570683d99859f53b27002f21f4d19c1955",
        "type": "github"
      },
      "original": {
        "owner": "NousResearch",
        "repo": "hermes-agent",
        "type": "github"
      }
    },
    "mnw": {
      "locked": {
        "lastModified": 1780772958,
        "narHash": "sha256-VKKe8r4pwCGWZ3Yr9CPN129R4S3CKLSrlYqdYz3vKpM=",
        "owner": "Gerg-L",
        "repo": "mnw",
        "rev": "0871dbf63a53610c95db04439ed8ea4d6ec9c160",
        "type": "github"
      },
      "original": {
        "owner": "Gerg-L",
        "repo": "mnw",
        "type": "github"
      }
    },
    "nixpkgs": {
      "locked": {
        "lastModified": 1781577229,
        "narHash": "sha256-lrp67w8AulE9Ks53n27I45ADSzbOCn4H+CNW1Ck8B+8=",
        "owner": "NixOS",
        "repo": "nixpkgs",
        "rev": "567a49d1913ce81ac6e9582e3553dd90a955875f",
        "type": "github"
      },
      "original": {
        "owner": "NixOS",
        "ref": "nixos-unstable",
        "repo": "nixpkgs",
        "type": "github"
      }
    },
    "npm-lockfile-fix": {
      "inputs": {
        "nixpkgs": [
          "hermes-agent",
          "nixpkgs"
        ]
      },
      "locked": {
        "lastModified": 1775903712,
        "narHash": "sha256-2GV79U6iVH4gKAPWYrxUReB0S41ty/Y3dBLquU8AlaA=",
        "owner": "jeslie0",
        "repo": "npm-lockfile-fix",
        "rev": "c6093acb0c0548e0f9b8b3d82918823721930fe8",
        "type": "github"
      },
      "original": {
        "owner": "jeslie0",
        "repo": "npm-lockfile-fix",
        "type": "github"
      }
    },
    "nvf": {
      "inputs": {
        "flake-compat": "flake-compat",
        "flake-parts": "flake-parts_2",
        "mnw": "mnw",
        "nixpkgs": [
          "nixpkgs"
        ],
        "systems": "systems"
      },
      "locked": {
        "lastModified": 1782253379,
        "narHash": "sha256-c4Tm1GskFHOMsGYz/fnxIc01U4lYkaDL5olgAYuEo+U=",
        "owner": "NotAShelf",
        "repo": "nvf",
        "rev": "b1b92ec251afd42395a5e2d66cbe4d1a93bc4021",
        "type": "github"
      },
      "original": {
        "owner": "NotAShelf",
        "repo": "nvf",
        "type": "github"
      }
    },
    "pyproject-build-systems": {
      "inputs": {
        "nixpkgs": [
          "hermes-agent",
          "nixpkgs"
        ],
        "pyproject-nix": "pyproject-nix",
        "uv2nix": "uv2nix"
      },
      "locked": {
        "lastModified": 1772555609,
        "narHash": "sha256-3BA3HnUvJSbHJAlJj6XSy0Jmu7RyP2gyB/0fL7XuEDo=",
        "owner": "pyproject-nix",
        "repo": "build-system-pkgs",
        "rev": "c37f66a953535c394244888598947679af231863",
        "type": "github"
      },
      "original": {
        "owner": "pyproject-nix",
        "repo": "build-system-pkgs",
        "type": "github"
      }
    },
    "pyproject-nix": {
      "inputs": {
        "nixpkgs": [
          "hermes-agent",
          "pyproject-build-systems",
          "nixpkgs"
        ]
      },
      "locked": {
        "lastModified": 1769936401,
        "narHash": "sha256-kwCOegKLZJM9v/e/7cqwg1p/YjjTAukKPqmxKnAZRgA=",
        "owner": "nix-community",
        "repo": "pyproject.nix",
        "rev": "b0d513eeeebed6d45b4f2e874f9afba2021f7812",
        "type": "github"
      },
      "original": {
        "owner": "nix-community",
        "repo": "pyproject.nix",
        "type": "github"
      }
    },
    "pyproject-nix_2": {
      "inputs": {
        "nixpkgs": [
          "hermes-agent",
          "nixpkgs"
        ]
      },
      "locked": {
        "lastModified": 1772865871,
        "narHash": "sha256-/ZTSg97aouL0SlPHaokA4r3iuH9QzHVuWPACD2CUCFY=",
        "owner": "pyproject-nix",
        "repo": "pyproject.nix",
        "rev": "e537db02e72d553cea470976b9733581bcf5b3ed",
        "type": "github"
      },
      "original": {
        "owner": "pyproject-nix",
        "repo": "pyproject.nix",
        "type": "github"
      }
    },
    "pyproject-nix_3": {
      "inputs": {
        "nixpkgs": [
          "hermes-agent",
          "uv2nix",
          "nixpkgs"
        ]
      },
      "locked": {
        "lastModified": 1771518446,
        "narHash": "sha256-nFJSfD89vWTu92KyuJWDoTQJuoDuddkJV3TlOl1cOic=",
        "owner": "pyproject-nix",
        "repo": "pyproject.nix",
        "rev": "eb204c6b3335698dec6c7fc1da0ebc3c6df05937",
        "type": "github"
      },
      "original": {
        "owner": "pyproject-nix",
        "repo": "pyproject.nix",
        "type": "github"
      }
    },
    "root": {
      "inputs": {
        "hermes-agent": "hermes-agent",
        "nixpkgs": "nixpkgs",
        "nvf": "nvf"
      }
    },
    "systems": {
      "locked": {
        "lastModified": 1681028828,
        "narHash": "sha256-Vy1rq5AaRuLzOxct8nz4T6wlgyUR7zLU309k9mBC768=",
        "owner": "nix-systems",
        "repo": "default",
        "rev": "da67096a3b9bf56a91d16901293e51ba5b49a27e",
        "type": "github"
      },
      "original": {
        "owner": "nix-systems",
        "repo": "default",
        "type": "github"
      }
    },
    "uv2nix": {
      "inputs": {
        "nixpkgs": [
          "hermes-agent",
          "pyproject-build-systems",
          "nixpkgs"
        ],
        "pyproject-nix": [
          "hermes-agent",
          "pyproject-build-systems",
          "pyproject-nix"
        ]
      },
      "locked": {
        "lastModified": 1770770348,
        "narHash": "sha256-A2GzkmzdYvdgmMEu5yxW+xhossP+txrYb7RuzRaqhlg=",
        "owner": "pyproject-nix",
        "repo": "uv2nix",
        "rev": "5d1b2cb4fe3158043fbafbbe2e46238abbc954b0",
        "type": "github"
      },
      "original": {
        "owner": "pyproject-nix",
        "repo": "uv2nix",
        "type": "github"
      }
    },
    "uv2nix_2": {
      "inputs": {
        "nixpkgs": [
          "hermes-agent",
          "nixpkgs"
        ],
        "pyproject-nix": "pyproject-nix_3"
      },
      "locked": {
        "lastModified": 1773039484,
        "narHash": "sha256-+boo33KYkJDw9KItpeEXXv8+65f7hHv/earxpcyzQ0I=",
        "owner": "pyproject-nix",
        "repo": "uv2nix",
        "rev": "b68be7cfeacbed9a3fa38a2b5adc0cfb81d9bb1f",
        "type": "github"
      },
      "original": {
        "owner": "pyproject-nix",
        "repo": "uv2nix",
        "type": "github"
      }
    }
  },
  "root": "root",
  "version": 7
}
