name: Update flake.lock

on:
  workflow_dispatch:
  schedule:
    - cron: "0 4 * * 1"

jobs:
  update:
    runs-on: ubuntu-latest
    permissions:
      contents: write
      pull-requests: write
    steps:
      - uses: actions/checkout@v7

      - uses: DeterminateSystems/nix-installer-action@v22
        with:
          extra-conf: |
            accept-flake-config = true

      - uses: DeterminateSystems/update-flake-lock@v28
        with:
          pr-title: "chore: update flake.lock"
          pr-labels: dependencies
